
Microsoft Visual Studio Solution File, Format Version 12.00
# Visual Studio Version 17
VisualStudioVersion = 17.4.33122.133
MinimumVisualStudioVersion = 10.0.40219.1
Project("{FAE04EC0-301F-11D3-BF4B-00C04F79EFBC}") = "GAMA Gamehub REMAKE", "GAMA Gamehub REMAKE\GAMA Gamehub REMAKE.csproj", "{0423038E-4265-4B0B-B5E9-E1B102D45725}"
EndProject
Global
	GlobalSection(SolutionConfigurationPlatforms) = preSolution
		Debug|Any CPU = Debug|Any CPU
		Release|Any CPU = Release|Any CPU
	EndGlobalSection
	GlobalSection(ProjectConfigurationPlatforms) = postSolution
		{0423038E-4265-4B0B-B5E9-E1B102D45725}.Debug|Any CPU.ActiveCfg = Debug|Any CPU
		{0423038E-4265-4B0B-B5E9-E1B102D45725}.Debug|Any CPU.Build.0 = Debug|Any CPU
		{0423038E-4265-4B0B-B5E9-E1B102D45725}.Release|Any CPU.ActiveCfg = Release|Any CPU
		{0423038E-4265-4B0B-B5E9-E1B102D45725}.Release|Any CPU.Build.0 = Release|Any CPU
	EndGlobalSection
	GlobalSection(SolutionProperties) = preSolution
		HideSolutionNode = FALSE
	EndGlobalSection
	GlobalSection(ExtensibilityGlobals) = postSolution
		SolutionGuid = {340340C5-C754-4FDD-9B09-FC0B9A0C27C6}
	EndGlobalSection
EndGlobal
